
Microsoft Visual Studio Solution File, Format Version 12.00
# Visual Studio Version 16
VisualStudioVersion = 16.0.30114.105
MinimumVisualStudioVersion = 10.0.40219.1
Project("{FAE04EC0-301F-11D3-BF4B-00C04F79EFBC}") = "MyDictionary", "MyDictionary\MyDictionary.csproj", "{47DC86A5-DE6A-46E6-8065-BBE7BCCC5644}"
EndProject
Global
	GlobalSection(SolutionConfigurationPlatforms) = preSolution
		Debug|Any CPU = Debug|Any CPU
		Release|Any CPU = Release|Any CPU
	EndGlobalSection
	GlobalSection(ProjectConfigurationPlatforms) = postSolution
		{47DC86A5-DE6A-46E6-8065-BBE7BCCC5644}.Debug|Any CPU.ActiveCfg = Release|Any CPU
		{47DC86A5-DE6A-46E6-8065-BBE7BCCC5644}.Debug|Any CPU.Build.0 = Release|Any CPU
		{47DC86A5-DE6A-46E6-8065-BBE7BCCC5644}.Release|Any CPU.ActiveCfg = Release|Any CPU
		{47DC86A5-DE6A-46E6-8065-BBE7BCCC5644}.Release|Any CPU.Build.0 = Release|Any CPU
	EndGlobalSection
	GlobalSection(SolutionProperties) = preSolution
		HideSolutionNode = FALSE
	EndGlobalSection
	GlobalSection(ExtensibilityGlobals) = postSolution
		SolutionGuid = {8C5B9795-8242-4E40-B631-3AA6E2A5CEDA}
	EndGlobalSection
EndGlobal
